
Microsoft Visual Studio Solution File, Format Version 12.00
# Visual Studio 15
VisualStudioVersion = 15.0.28307.168
MinimumVisualStudioVersion = 10.0.40219.1
Project("{FAE04EC0-301F-11D3-BF4B-00C04F79EFBC}") = "SimulationTool", "SimulationTool\SimulationTool.csproj", "{B285B1E4-3DCE-4523-90D8-4B3241D6F6A4}"
EndProject
Global
	GlobalSection(SolutionConfigurationPlatforms) = preSolution
		Debug|Any CPU = Debug|Any CPU
		Release|Any CPU = Release|Any CPU
	EndGlobalSection
	GlobalSection(ProjectConfigurationPlatforms) = postSolution
		{B285B1E4-3DCE-4523-90D8-4B3241D6F6A4}.Debug|Any CPU.ActiveCfg = Debug|Any CPU
		{B285B1E4-3DCE-4523-90D8-4B3241D6F6A4}.Debug|Any CPU.Build.0 = Debug|Any CPU
		{B285B1E4-3DCE-4523-90D8-4B3241D6F6A4}.Release|Any CPU.ActiveCfg = Release|Any CPU
		{B285B1E4-3DCE-4523-90D8-4B3241D6F6A4}.Release|Any CPU.Build.0 = Release|Any CPU
	EndGlobalSection
	GlobalSection(SolutionProperties) = preSolution
		HideSolutionNode = FALSE
	EndGlobalSection
	GlobalSection(ExtensibilityGlobals) = postSolution
		SolutionGuid = {40C5CBF6-ABF4-4915-A015-71A0D756A7E6}
	EndGlobalSection
EndGlobal
